
Microsoft Visual Studio Solution File, Format Version 12.00
# Visual Studio Version 17
VisualStudioVersion = 17.0.31903.59
MinimumVisualStudioVersion = 10.0.40219.1
Project("{2150E333-8FDC-42A3-9474-1A3956D46DE8}") = "src", "src", "{BC1350F7-3439-42ED-91B9-3BCB60CDF607}"
EndProject
Project("{FAE04EC0-301F-11D3-BF4B-00C04F79EFBC}") = "FreakyKit.Forge", "src\FreakyKit.Forge\FreakyKit.Forge.csproj", "{DE4957BD-3DE5-47DB-B4AE-29C0660BFFD9}"
EndProject
Project("{FAE04EC0-301F-11D3-BF4B-00C04F79EFBC}") = "FreakyKit.Forge.Diagnostics", "src\FreakyKit.Forge.Diagnostics\FreakyKit.Forge.Diagnostics.csproj", "{D101FC70-E2CE-45EC-8AF3-79DF658E5D12}"
EndProject
Project("{FAE04EC0-301F-11D3-BF4B-00C04F79EFBC}") = "FreakyKit.Forge.Analyzers", "src\FreakyKit.Forge.Analyzers\FreakyKit.Forge.Analyzers.csproj", "{D0450870-E0E7-4859-9726-8B837DBC238F}"
EndProject
Project("{FAE04EC0-301F-11D3-BF4B-00C04F79EFBC}") = "FreakyKit.Forge.Generator", "src\FreakyKit.Forge.Generator\FreakyKit.Forge.Generator.csproj", "{976B5065-E9DE-4C4A-973F-4530720062D1}"
EndProject
Project("{FAE04EC0-301F-11D3-BF4B-00C04F79EFBC}") = "FreakyKit.Forge.Conventions", "src\FreakyKit.Forge.Conventions\FreakyKit.Forge.Conventions.csproj", "{1C31C674-88CB-48CE-AF2E-AFB9782BC5BF}"
EndProject
Project("{2150E333-8FDC-42A3-9474-1A3956D46DE8}") = "tests", "tests", "{B085F68D-F9E1-4997-9C5E-A3EB336A97C3}"
EndProject
Project("{FAE04EC0-301F-11D3-BF4B-00C04F79EFBC}") = "FreakyKit.Forge.Analyzers.Tests", "tests\FreakyKit.Forge.Analyzers.Tests\FreakyKit.Forge.Analyzers.Tests.csproj", "{85AECF76-09FB-44A3-8CFA-2542EE7B2D41}"
EndProject
Project("{FAE04EC0-301F-11D3-BF4B-00C04F79EFBC}") = "FreakyKit.Forge.Generator.Tests", "tests\FreakyKit.Forge.Generator.Tests\FreakyKit.Forge.Generator.Tests.csproj", "{A9FC3C0A-6E8E-465A-90A2-B1244B92F0CD}"
EndProject
Project("{FAE04EC0-301F-11D3-BF4B-00C04F79EFBC}") = "FreakyKit.Forge.Integration.Tests", "tests\FreakyKit.Forge.Integration.Tests\FreakyKit.Forge.Integration.Tests.csproj", "{87FE2A4A-2A76-4222-993A-399EC33F1DC8}"
EndProject
Project("{2150E333-8FDC-42A3-9474-1A3956D46DE8}") = "samples", "samples", "{5D20AA90-6969-D8BD-9DCD-8634F4692FDA}"
EndProject
Project("{FAE04EC0-301F-11D3-BF4B-00C04F79EFBC}") = "FreakyKit.Forge.Samples", "samples\FreakyKit.Forge.Samples\FreakyKit.Forge.Samples.csproj", "{F9AC8116-DE87-4DAF-B592-4507BD599F6C}"
EndProject
Global
	GlobalSection(SolutionConfigurationPlatforms) = preSolution
		Debug|Any CPU = Debug|Any CPU
		Debug|x64 = Debug|x64
		Debug|x86 = Debug|x86
		Release|Any CPU = Release|Any CPU
		Release|x64 = Release|x64
		Release|x86 = Release|x86
	EndGlobalSection
	GlobalSection(ProjectConfigurationPlatforms) = postSolution
		{DE4957BD-3DE5-47DB-B4AE-29C0660BFFD9}.Debug|Any CPU.ActiveCfg = Debug|Any CPU
		{DE4957BD-3DE5-47DB-B4AE-29C0660BFFD9}.Debug|Any CPU.Build.0 = Debug|Any CPU
		{DE4957BD-3DE5-47DB-B4AE-29C0660BFFD9}.Debug|x64.ActiveCfg = Debug|Any CPU
		{DE4957BD-3DE5-47DB-B4AE-29C0660BFFD9}.Debug|x64.Build.0 = Debug|Any CPU
		{DE4957BD-3DE5-47DB-B4AE-29C0660BFFD9}.Debug|x86.ActiveCfg = Debug|Any CPU
		{DE4957BD-3DE5-47DB-B4AE-29C0660BFFD9}.Debug|x86.Build.0 = Debug|Any CPU
		{DE4957BD-3DE5-47DB-B4AE-29C0660BFFD9}.Release|Any CPU.ActiveCfg = Release|Any CPU
		{DE4957BD-3DE5-47DB-B4AE-29C0660BFFD9}.Release|Any CPU.Build.0 = Release|Any CPU
		{DE4957BD-3DE5-47DB-B4AE-29C0660BFFD9}.Release|x64.ActiveCfg = Release|Any CPU
		{DE4957BD-3DE5-47DB-B4AE-29C0660BFFD9}.Release|x64.Build.0 = Release|Any CPU
		{DE4957BD-3DE5-47DB-B4AE-29C0660BFFD9}.Release|x86.ActiveCfg = Release|Any CPU
		{DE4957BD-3DE5-47DB-B4AE-29C0660BFFD9}.Release|x86.Build.0 = Release|Any CPU
		{D101FC70-E2CE-45EC-8AF3-79DF658E5D12}.Debug|Any CPU.ActiveCfg = Debug|Any CPU
		{D101FC70-E2CE-45EC-8AF3-79DF658E5D12}.Debug|Any CPU.Build.0 = Debug|Any CPU
		{D101FC70-E2CE-45EC-8AF3-79DF658E5D12}.Debug|x64.ActiveCfg = Debug|Any CPU
		{D101FC70-E2CE-45EC-8AF3-79DF658E5D12}.Debug|x64.Build.0 = Debug|Any CPU
		{D101FC70-E2CE-45EC-8AF3-79DF658E5D12}.Debug|x86.ActiveCfg = Debug|Any CPU
		{D101FC70-E2CE-45EC-8AF3-79DF658E5D12}.Debug|x86.Build.0 = Debug|Any CPU
		{D101FC70-E2CE-45EC-8AF3-79DF658E5D12}.Release|Any CPU.ActiveCfg = Release|Any CPU
		{D101FC70-E2CE-45EC-8AF3-79DF658E5D12}.Release|Any CPU.Build.0 = Release|Any CPU
		{D101FC70-E2CE-45EC-8AF3-79DF658E5D12}.Release|x64.ActiveCfg = Release|Any CPU
		{D101FC70-E2CE-45EC-8AF3-79DF658E5D12}.Release|x64.Build.0 = Release|Any CPU
		{D101FC70-E2CE-45EC-8AF3-79DF658E5D12}.Release|x86.ActiveCfg = Release|Any CPU
		{D101FC70-E2CE-45EC-8AF3-79DF658E5D12}.Release|x86.Build.0 = Release|Any CPU
		{D0450870-E0E7-4859-9726-8B837DBC238F}.Debug|Any CPU.ActiveCfg = Debug|Any CPU
		{D0450870-E0E7-4859-9726-8B837DBC238F}.Debug|Any CPU.Build.0 = Debug|Any CPU
		{D0450870-E0E7-4859-9726-8B837DBC238F}.Debug|x64.ActiveCfg = Debug|Any CPU
		{D0450870-E0E7-4859-9726-8B837DBC238F}.Debug|x64.Build.0 = Debug|Any CPU
		{D0450870-E0E7-4859-9726-8B837DBC238F}.Debug|x86.ActiveCfg = Debug|Any CPU
		{D0450870-E0E7-4859-9726-8B837DBC238F}.Debug|x86.Build.0 = Debug|Any CPU
		{D0450870-E0E7-4859-9726-8B837DBC238F}.Release|Any CPU.ActiveCfg = Release|Any CPU
		{D0450870-E0E7-4859-9726-8B837DBC238F}.Release|Any CPU.Build.0 = Release|Any CPU
		{D0450870-E0E7-4859-9726-8B837DBC238F}.Release|x64.ActiveCfg = Release|Any CPU
		{D0450870-E0E7-4859-9726-8B837DBC238F}.Release|x64.Build.0 = Release|Any CPU
		{D0450870-E0E7-4859-9726-8B837DBC238F}.Release|x86.ActiveCfg = Release|Any CPU
		{D0450870-E0E7-4859-9726-8B837DBC238F}.Release|x86.Build.0 = Release|Any CPU
		{976B5065-E9DE-4C4A-973F-4530720062D1}.Debug|Any CPU.ActiveCfg = Debug|Any CPU
		{976B5065-E9DE-4C4A-973F-4530720062D1}.Debug|Any CPU.Build.0 = Debug|Any CPU
		{976B5065-E9DE-4C4A-973F-4530720062D1}.Debug|x64.ActiveCfg = Debug|Any CPU
		{976B5065-E9DE-4C4A-973F-4530720062D1}.Debug|x64.Build.0 = Debug|Any CPU
		{976B5065-E9DE-4C4A-973F-4530720062D1}.Debug|x86.ActiveCfg = Debug|Any CPU
		{976B5065-E9DE-4C4A-973F-4530720062D1}.Debug|x86.Build.0 = Debug|Any CPU
		{976B5065-E9DE-4C4A-973F-4530720062D1}.Release|Any CPU.ActiveCfg = Release|Any CPU
		{976B5065-E9DE-4C4A-973F-4530720062D1}.Release|Any CPU.Build.0 = Release|Any CPU
		{976B5065-E9DE-4C4A-973F-4530720062D1}.Release|x64.ActiveCfg = Release|Any CPU
		{976B5065-E9DE-4C4A-973F-4530720062D1}.Release|x64.Build.0 = Release|Any CPU
		{976B5065-E9DE-4C4A-973F-4530720062D1}.Release|x86.ActiveCfg = Release|Any CPU
		{976B5065-E9DE-4C4A-973F-4530720062D1}.Release|x86.Build.0 = Release|Any CPU
		{1C31C674-88CB-48CE-AF2E-AFB9782BC5BF}.Debug|Any CPU.ActiveCfg = Debug|Any CPU
		{1C31C674-88CB-48CE-AF2E-AFB9782BC5BF}.Debug|Any CPU.Build.0 = Debug|Any CPU
		{1C31C674-88CB-48CE-AF2E-AFB9782BC5BF}.Debug|x64.ActiveCfg = Debug|Any CPU
		{1C31C674-88CB-48CE-AF2E-AFB9782BC5BF}.Debug|x64.Build.0 = Debug|Any CPU
		{1C31C674-88CB-48CE-AF2E-AFB9782BC5BF}.Debug|x86.ActiveCfg = Debug|Any CPU
		{1C31C674-88CB-48CE-AF2E-AFB9782BC5BF}.Debug|x86.Build.0 = Debug|Any CPU
		{1C31C674-88CB-48CE-AF2E-AFB9782BC5BF}.Release|Any CPU.ActiveCfg = Release|Any CPU
		{1C31C674-88CB-48CE-AF2E-AFB9782BC5BF}.Release|Any CPU.Build.0 = Release|Any CPU
		{1C31C674-88CB-48CE-AF2E-AFB9782BC5BF}.Release|x64.ActiveCfg = Release|Any CPU
		{1C31C674-88CB-48CE-AF2E-AFB9782BC5BF}.Release|x64.Build.0 = Release|Any CPU
		{1C31C674-88CB-48CE-AF2E-AFB9782BC5BF}.Release|x86.ActiveCfg = Release|Any CPU
		{1C31C674-88CB-48CE-AF2E-AFB9782BC5BF}.Release|x86.Build.0 = Release|Any CPU
		{85AECF76-09FB-44A3-8CFA-2542EE7B2D41}.Debug|Any CPU.ActiveCfg = Debug|Any CPU
		{85AECF76-09FB-44A3-8CFA-2542EE7B2D41}.Debug|Any CPU.Build.0 = Debug|Any CPU
		{85AECF76-09FB-44A3-8CFA-2542EE7B2D41}.Debug|x64.ActiveCfg = Debug|Any CPU
		{85AECF76-09FB-44A3-8CFA-2542EE7B2D41}.Debug|x64.Build.0 = Debug|Any CPU
		{85AECF76-09FB-44A3-8CFA-2542EE7B2D41}.Debug|x86.ActiveCfg = Debug|Any CPU
		{85AECF76-09FB-44A3-8CFA-2542EE7B2D41}.Debug|x86.Build.0 = Debug|Any CPU
		{85AECF76-09FB-44A3-8CFA-2542EE7B2D41}.Release|Any CPU.ActiveCfg = Release|Any CPU
		{85AECF76-09FB-44A3-8CFA-2542EE7B2D41}.Release|Any CPU.Build.0 = Release|Any CPU
		{85AECF76-09FB-44A3-8CFA-2542EE7B2D41}.Release|x64.ActiveCfg = Release|Any CPU
		{85AECF76-09FB-44A3-8CFA-2542EE7B2D41}.Release|x64.Build.0 = Release|Any CPU
		{85AECF76-09FB-44A3-8CFA-2542EE7B2D41}.Release|x86.ActiveCfg = Release|Any CPU
		{85AECF76-09FB-44A3-8CFA-2542EE7B2D41}.Release|x86.Build.0 = Release|Any CPU
		{A9FC3C0A-6E8E-465A-90A2-B1244B92F0CD}.Debug|Any CPU.ActiveCfg = Debug|Any CPU
		{A9FC3C0A-6E8E-465A-90A2-B1244B92F0CD}.Debug|Any CPU.Build.0 = Debug|Any CPU
		{A9FC3C0A-6E8E-465A-90A2-B1244B92F0CD}.Debug|x64.ActiveCfg = Debug|Any CPU
		{A9FC3C0A-6E8E-465A-90A2-B1244B92F0CD}.Debug|x64.Build.0 = Debug|Any CPU
		{A9FC3C0A-6E8E-465A-90A2-B1244B92F0CD}.Debug|x86.ActiveCfg = Debug|Any CPU
		{A9FC3C0A-6E8E-465A-90A2-B1244B92F0CD}.Debug|x86.Build.0 = Debug|Any CPU
		{A9FC3C0A-6E8E-465A-90A2-B1244B92F0CD}.Release|Any CPU.ActiveCfg = Release|Any CPU
		{A9FC3C0A-6E8E-465A-90A2-B1244B92F0CD}.Release|Any CPU.Build.0 = Release|Any CPU
		{A9FC3C0A-6E8E-465A-90A2-B1244B92F0CD}.Release|x64.ActiveCfg = Release|Any CPU
		{A9FC3C0A-6E8E-465A-90A2-B1244B92F0CD}.Release|x64.Build.0 = Release|Any CPU
		{A9FC3C0A-6E8E-465A-90A2-B1244B92F0CD}.Release|x86.ActiveCfg = Release|Any CPU
		{A9FC3C0A-6E8E-465A-90A2-B1244B92F0CD}.Release|x86.Build.0 = Release|Any CPU
		{87FE2A4A-2A76-4222-993A-399EC33F1DC8}.Debug|Any CPU.ActiveCfg = Debug|Any CPU
		{87FE2A4A-2A76-4222-993A-399EC33F1DC8}.Debug|Any CPU.Build.0 = Debug|Any CPU
		{87FE2A4A-2A76-4222-993A-399EC33F1DC8}.Debug|x64.ActiveCfg = Debug|Any CPU
		{87FE2A4A-2A76-4222-993A-399EC33F1DC8}.Debug|x64.Build.0 = Debug|Any CPU
		{87FE2A4A-2A76-4222-993A-399EC33F1DC8}.Debug|x86.ActiveCfg = Debug|Any CPU
		{87FE2A4A-2A76-4222-993A-399EC33F1DC8}.Debug|x86.Build.0 = Debug|Any CPU
		{87FE2A4A-2A76-4222-993A-399EC33F1DC8}.Release|Any CPU.ActiveCfg = Release|Any CPU
		{87FE2A4A-2A76-4222-993A-399EC33F1DC8}.Release|Any CPU.Build.0 = Release|Any CPU
		{87FE2A4A-2A76-4222-993A-399EC33F1DC8}.Release|x64.ActiveCfg = Release|Any CPU
		{87FE2A4A-2A76-4222-993A-399EC33F1DC8}.Release|x64.Build.0 = Release|Any CPU
		{87FE2A4A-2A76-4222-993A-399EC33F1DC8}.Release|x86.ActiveCfg = Release|Any CPU
		{87FE2A4A-2A76-4222-993A-399EC33F1DC8}.Release|x86.Build.0 = Release|Any CPU
		{F9AC8116-DE87-4DAF-B592-4507BD599F6C}.Debug|Any CPU.ActiveCfg = Debug|Any CPU
		{F9AC8116-DE87-4DAF-B592-4507BD599F6C}.Debug|Any CPU.Build.0 = Debug|Any CPU
		{F9AC8116-DE87-4DAF-B592-4507BD599F6C}.Debug|x64.ActiveCfg = Debug|Any CPU
		{F9AC8116-DE87-4DAF-B592-4507BD599F6C}.Debug|x64.Build.0 = Debug|Any CPU
		{F9AC8116-DE87-4DAF-B592-4507BD599F6C}.Debug|x86.ActiveCfg = Debug|Any CPU
		{F9AC8116-DE87-4DAF-B592-4507BD599F6C}.Debug|x86.Build.0 = Debug|Any CPU
		{F9AC8116-DE87-4DAF-B592-4507BD599F6C}.Release|Any CPU.ActiveCfg = Release|Any CPU
		{F9AC8116-DE87-4DAF-B592-4507BD599F6C}.Release|Any CPU.Build.0 = Release|Any CPU
		{F9AC8116-DE87-4DAF-B592-4507BD599F6C}.Release|x64.ActiveCfg = Release|Any CPU
		{F9AC8116-DE87-4DAF-B592-4507BD599F6C}.Release|x64.Build.0 = Release|Any CPU
		{F9AC8116-DE87-4DAF-B592-4507BD599F6C}.Release|x86.ActiveCfg = Release|Any CPU
		{F9AC8116-DE87-4DAF-B592-4507BD599F6C}.Release|x86.Build.0 = Release|Any CPU
	EndGlobalSection
	GlobalSection(SolutionProperties) = preSolution
		HideSolutionNode = FALSE
	EndGlobalSection
	GlobalSection(NestedProjects) = preSolution
		{DE4957BD-3DE5-47DB-B4AE-29C0660BFFD9} = {BC1350F7-3439-42ED-91B9-3BCB60CDF607}
		{D101FC70-E2CE-45EC-8AF3-79DF658E5D12} = {BC1350F7-3439-42ED-91B9-3BCB60CDF607}
		{D0450870-E0E7-4859-9726-8B837DBC238F} = {BC1350F7-3439-42ED-91B9-3BCB60CDF607}
		{976B5065-E9DE-4C4A-973F-4530720062D1} = {BC1350F7-3439-42ED-91B9-3BCB60CDF607}
		{1C31C674-88CB-48CE-AF2E-AFB9782BC5BF} = {BC1350F7-3439-42ED-91B9-3BCB60CDF607}
		{85AECF76-09FB-44A3-8CFA-2542EE7B2D41} = {B085F68D-F9E1-4997-9C5E-A3EB336A97C3}
		{A9FC3C0A-6E8E-465A-90A2-B1244B92F0CD} = {B085F68D-F9E1-4997-9C5E-A3EB336A97C3}
		{87FE2A4A-2A76-4222-993A-399EC33F1DC8} = {B085F68D-F9E1-4997-9C5E-A3EB336A97C3}
		{F9AC8116-DE87-4DAF-B592-4507BD599F6C} = {5D20AA90-6969-D8BD-9DCD-8634F4692FDA}
	EndGlobalSection
EndGlobal
